
Microsoft Visual Studio Solution File, Format Version 12.00
# Visual Studio Version 16
VisualStudioVersion = 16.0.30621.155
MinimumVisualStudioVersion = 10.0.40219.1
Project("{FAE04EC0-301F-11D3-BF4B-00C04F79EFBC}") = "TeamsAPIWebApplication", "TeamsAPIWebApplication\TeamsAPIWebApplication.csproj", "{A265838F-CAB4-4B4E-98C9-9321C109D899}"
EndProject
Global
	GlobalSection(SolutionConfigurationPlatforms) = preSolution
		Debug|Any CPU = Debug|Any CPU
		Release|Any CPU = Release|Any CPU
	EndGlobalSection
	GlobalSection(ProjectConfigurationPlatforms) = postSolution
		{A265838F-CAB4-4B4E-98C9-9321C109D899}.Debug|Any CPU.ActiveCfg = Debug|Any CPU
		{A265838F-CAB4-4B4E-98C9-9321C109D899}.Debug|Any CPU.Build.0 = Debug|Any CPU
		{A265838F-CAB4-4B4E-98C9-9321C109D899}.Release|Any CPU.ActiveCfg = Release|Any CPU
		{A265838F-CAB4-4B4E-98C9-9321C109D899}.Release|Any CPU.Build.0 = Release|Any CPU
	EndGlobalSection
	GlobalSection(SolutionProperties) = preSolution
		HideSolutionNode = FALSE
	EndGlobalSection
	GlobalSection(ExtensibilityGlobals) = postSolution
		SolutionGuid = {24BD66AA-8525-41D7-8EC0-040C4B56531F}
	EndGlobalSection
EndGlobal
